// !$*UTF8*$!
{
	archiveVersion = 1;
	classes = {
	};
	objectVersion = 46;
	objects = {

/* Begin PBXBuildFile section */
		6167FBAD1C40B9D100A4B341 /* AppDelegate.swift in Sources */ = {isa = PBXBuildFile; fileRef = 6167FBAC1C40B9D100A4B341 /* AppDelegate.swift */; };
		6167FBAF1C40B9D100A4B341 /* ViewController.swift in Sources */ = {isa = PBXBuildFile; fileRef = 6167FBAE1C40B9D100A4B341 /* ViewController.swift */; };
		6167FBB21C40B9D100A4B341 /* Main.storyboard in Resources */ = {isa = PBXBuildFile; fileRef = 6167FBB01C40B9D100A4B341 /* Main.storyboard */; };
		6167FBB51C40B9D100A4B341 /* Intervals.xcdatamodeld in Sources */ = {isa = PBXBuildFile; fileRef = 6167FBB31C40B9D100A4B341 /* Intervals.xcdatamodeld */; };
		6167FBB71C40B9D100A4B341 /* Assets.xcassets in Resources */ = {isa = PBXBuildFile; fileRef = 6167FBB61C40B9D100A4B341 /* Assets.xcassets */; };
		6167FBBA1C40B9D100A4B341 /* LaunchScreen.storyboard in Resources */ = {isa = PBXBuildFile; fileRef = 6167FBB81C40B9D100A4B341 /* LaunchScreen.storyboard */; };
		619B6E481C7621E80074100F /* WatchColors.swift in Sources */ = {isa = PBXBuildFile; fileRef = 619B6E471C7621E80074100F /* WatchColors.swift */; };
		61A269151C604ECE0010ADBD /* pauseButton.png in Resources */ = {isa = PBXBuildFile; fileRef = 61A269121C604ECE0010ADBD /* pauseButton.png */; };
		61A269161C604ECE0010ADBD /* resetButton.png in Resources */ = {isa = PBXBuildFile; fileRef = 61A269131C604ECE0010ADBD /* resetButton.png */; };
		61A269171C604ECE0010ADBD /* startButton.png in Resources */ = {isa = PBXBuildFile; fileRef = 61A269141C604ECE0010ADBD /* startButton.png */; };
		61A2691A1C60515F0010ADBD /* TimerLabel.swift in Sources */ = {isa = PBXBuildFile; fileRef = 61A269191C60515F0010ADBD /* TimerLabel.swift */; };
		61A2691C1C6052380010ADBD /* Constants.swift in Sources */ = {isa = PBXBuildFile; fileRef = 61A2691B1C6052380010ADBD /* Constants.swift */; };
		61A2691F1C6055C30010ADBD /* beep-07.wav in Resources */ = {isa = PBXBuildFile; fileRef = 61A2691E1C6055C30010ADBD /* beep-07.wav */; };
		61A2692E1C6577610010ADBD /* icon76.png in Resources */ = {isa = PBXBuildFile; fileRef = 61A269281C6577610010ADBD /* icon76.png */; };
		61A2692F1C6577610010ADBD /* icon120.png in Resources */ = {isa = PBXBuildFile; fileRef = 61A269291C6577610010ADBD /* icon120.png */; };
		61A269301C6577610010ADBD /* icon152.png in Resources */ = {isa = PBXBuildFile; fileRef = 61A2692A1C6577610010ADBD /* icon152.png */; };
		61A269311C6577610010ADBD /* icon180.png in Resources */ = {isa = PBXBuildFile; fileRef = 61A2692B1C6577610010ADBD /* icon180.png */; };
		61A269321C6577610010ADBD /* icon512.png in Resources */ = {isa = PBXBuildFile; fileRef = 61A2692C1C6577610010ADBD /* icon512.png */; };
		61A269331C6577610010ADBD /* icon1024.png in Resources */ = {isa = PBXBuildFile; fileRef = 61A2692D1C6577610010ADBD /* icon1024.png */; };
		61F18EAE1C7570BD00C34222 /* Interface.storyboard in Resources */ = {isa = PBXBuildFile; fileRef = 61F18EAC1C7570BD00C34222 /* Interface.storyboard */; };
		61F18EB01C7570BD00C34222 /* Assets.xcassets in Resources */ = {isa = PBXBuildFile; fileRef = 61F18EAF1C7570BD00C34222 /* Assets.xcassets */; };
		61F18EB71C7570BD00C34222 /* IntervalWatch Extension.appex in Embed App Extensions */ = {isa = PBXBuildFile; fileRef = 61F18EB61C7570BD00C34222 /* IntervalWatch Extension.appex */; settings = {ATTRIBUTES = (RemoveHeadersOnCopy, ); }; };
		61F18EBE1C7570BD00C34222 /* InterfaceController.swift in Sources */ = {isa = PBXBuildFile; fileRef = 61F18EBD1C7570BD00C34222 /* InterfaceController.swift */; };
		61F18EC01C7570BD00C34222 /* ExtensionDelegate.swift in Sources */ = {isa = PBXBuildFile; fileRef = 61F18EBF1C7570BD00C34222 /* ExtensionDelegate.swift */; };
		61F18EC21C7570BD00C34222 /* NotificationController.swift in Sources */ = {isa = PBXBuildFile; fileRef = 61F18EC11C7570BD00C34222 /* NotificationController.swift */; };
		61F18EC41C7570BD00C34222 /* GlanceController.swift in Sources */ = {isa = PBXBuildFile; fileRef = 61F18EC31C7570BD00C34222 /* GlanceController.swift */; };
		61F18EC61C7570BD00C34222 /* ComplicationController.swift in Sources */ = {isa = PBXBuildFile; fileRef = 61F18EC51C7570BD00C34222 /* ComplicationController.swift */; };
		61F18EC81C7570BD00C34222 /* Assets.xcassets in Resources */ = {isa = PBXBuildFile; fileRef = 61F18EC71C7570BD00C34222 /* Assets.xcassets */; };
		61F18ECC1C7570BD00C34222 /* IntervalWatch.app in Embed Watch Content */ = {isa = PBXBuildFile; fileRef = 61F18EAA1C7570BD00C34222 /* IntervalWatch.app */; };
		61F18ED61C7575BE00C34222 /* WatchConstants.swift in Sources */ = {isa = PBXBuildFile; fileRef = 61F18ED51C7575BE00C34222 /* WatchConstants.swift */; };
		61F18ED91C75801600C34222 /* WatchTimerInterfaceController.swift in Sources */ = {isa = PBXBuildFile; fileRef = 61F18ED81C75801600C34222 /* WatchTimerInterfaceController.swift */; };
		E1B2EBE01C6C3DAF00AD7165 /* Color.swift in Sources */ = {isa = PBXBuildFile; fileRef = E1B2EBDF1C6C3DAF00AD7165 /* Color.swift */; };
/* End PBXBuildFile section */

/* Begin PBXContainerItemProxy section */
		61F18EB81C7570BD00C34222 /* PBXContainerItemProxy */ = {
			isa = PBXContainerItemProxy;
			containerPortal = 6167FBA11C40B9D100A4B341 /* Project object */;
			proxyType = 1;
			remoteGlobalIDString = 61F18EB51C7570BD00C34222;
			remoteInfo = "IntervalWatch Extension";
		};
		61F18ECA1C7570BD00C34222 /* PBXContainerItemProxy */ = {
			isa = PBXContainerItemProxy;
			containerPortal = 6167FBA11C40B9D100A4B341 /* Project object */;
			proxyType = 1;
			remoteGlobalIDString = 61F18EA91C7570BD00C34222;
			remoteInfo = IntervalWatch;
		};
/* End PBXContainerItemProxy section */

/* Begin PBXCopyFilesBuildPhase section */
		61F18ED21C7570BD00C34222 /* Embed App Extensions */ = {
			isa = PBXCopyFilesBuildPhase;
			buildActionMask = 2147483647;
			dstPath = "";
			dstSubfolderSpec = 13;
			files = (
				61F18EB71C7570BD00C34222 /* IntervalWatch Extension.appex in Embed App Extensions */,
			);
			name = "Embed App Extensions";
			runOnlyForDeploymentPostprocessing = 0;
		};
		61F18ED41C7570BD00C34222 /* Embed Watch Content */ = {
			isa = PBXCopyFilesBuildPhase;
			buildActionMask = 2147483647;
			dstPath = "$(CONTENTS_FOLDER_PATH)/Watch";
			dstSubfolderSpec = 16;
			files = (
				61F18ECC1C7570BD00C34222 /* IntervalWatch.app in Embed Watch Content */,
			);
			name = "Embed Watch Content";
			runOnlyForDeploymentPostprocessing = 0;
		};
/* End PBXCopyFilesBuildPhase section */

/* Begin PBXFileReference section */
		6167FBA91C40B9D100A4B341 /* Intervals.app */ = {isa = PBXFileReference; explicitFileType = wrapper.application; includeInIndex = 0; path = Intervals.app; sourceTree = BUILT_PRODUCTS_DIR; };
		6167FBAC1C40B9D100A4B341 /* AppDelegate.swift */ = {isa = PBXFileReference; lastKnownFileType = sourcecode.swift; path = AppDelegate.swift; sourceTree = "<group>"; };
		6167FBAE1C40B9D100A4B341 /* ViewController.swift */ = {isa = PBXFileReference; lastKnownFileType = sourcecode.swift; path = ViewController.swift; sourceTree = "<group>"; };
		6167FBB11C40B9D100A4B341 /* Base */ = {isa = PBXFileReference; lastKnownFileType = file.storyboard; name = Base; path = Base.lproj/Main.storyboard; sourceTree = "<group>"; };
		6167FBB41C40B9D100A4B341 /* Intervals.xcdatamodel */ = {isa = PBXFileReference; lastKnownFileType = wrapper.xcdatamodel; path = Intervals.xcdatamodel; sourceTree = "<group>"; };
		6167FBB61C40B9D100A4B341 /* Assets.xcassets */ = {isa = PBXFileReference; lastKnownFileType = folder.assetcatalog; path = Assets.xcassets; sourceTree = "<group>"; };
		6167FBB91C40B9D100A4B341 /* Base */ = {isa = PBXFileReference; lastKnownFileType = file.storyboard; name = Base; path = Base.lproj/LaunchScreen.storyboard; sourceTree = "<group>"; };
		6167FBBB1C40B9D100A4B341 /* Info.plist */ = {isa = PBXFileReference; lastKnownFileType = text.plist.xml; path = Info.plist; sourceTree = "<group>"; };
		619B6E471C7621E80074100F /* WatchColors.swift */ = {isa = PBXFileReference; fileEncoding = 4; lastKnownFileType = sourcecode.swift; path = WatchColors.swift; sourceTree = "<group>"; };
		61A269121C604ECE0010ADBD /* pauseButton.png */ = {isa = PBXFileReference; lastKnownFileType = image.png; path = pauseButton.png; sourceTree = "<group>"; };
		61A269131C604ECE0010ADBD /* resetButton.png */ = {isa = PBXFileReference; lastKnownFileType = image.png; path = resetButton.png; sourceTree = "<group>"; };
		61A269141C604ECE0010ADBD /* startButton.png */ = {isa = PBXFileReference; lastKnownFileType = image.png; path = startButton.png; sourceTree = "<group>"; };
		61A269191C60515F0010ADBD /* TimerLabel.swift */ = {isa = PBXFileReference; fileEncoding = 4; lastKnownFileType = sourcecode.swift; path = TimerLabel.swift; sourceTree = "<group>"; };
		61A2691B1C6052380010ADBD /* Constants.swift */ = {isa = PBXFileReference; fileEncoding = 4; lastKnownFileType = sourcecode.swift; path = Constants.swift; sourceTree = "<group>"; };
		61A2691E1C6055C30010ADBD /* beep-07.wav */ = {isa = PBXFileReference; lastKnownFileType = audio.wav; path = "beep-07.wav"; sourceTree = "<group>"; };
		61A269281C6577610010ADBD /* icon76.png */ = {isa = PBXFileReference; lastKnownFileType = image.png; name = icon76.png; path = Images/icon76.png; sourceTree = "<group>"; };
		61A269291C6577610010ADBD /* icon120.png */ = {isa = PBXFileReference; lastKnownFileType = image.png; name = icon120.png; path = Images/icon120.png; sourceTree = "<group>"; };
		61A2692A1C6577610010ADBD /* icon152.png */ = {isa = PBXFileReference; lastKnownFileType = image.png; name = icon152.png; path = Images/icon152.png; sourceTree = "<group>"; };
		61A2692B1C6577610010ADBD /* icon180.png */ = {isa = PBXFileReference; lastKnownFileType = image.png; name = icon180.png; path = Images/icon180.png; sourceTree = "<group>"; };
		61A2692C1C6577610010ADBD /* icon512.png */ = {isa = PBXFileReference; lastKnownFileType = image.png; name = icon512.png; path = Images/icon512.png; sourceTree = "<group>"; };
		61A2692D1C6577610010ADBD /* icon1024.png */ = {isa = PBXFileReference; lastKnownFileType = image.png; name = icon1024.png; path = Images/icon1024.png; sourceTree = "<group>"; };
		61F18EAA1C7570BD00C34222 /* IntervalWatch.app */ = {isa = PBXFileReference; explicitFileType = wrapper.application; includeInIndex = 0; path = IntervalWatch.app; sourceTree = BUILT_PRODUCTS_DIR; };
		61F18EAD1C7570BD00C34222 /* Base */ = {isa = PBXFileReference; lastKnownFileType = file.storyboard; name = Base; path = Base.lproj/Interface.storyboard; sourceTree = "<group>"; };
		61F18EAF1C7570BD00C34222 /* Assets.xcassets */ = {isa = PBXFileReference; lastKnownFileType = folder.assetcatalog; path = Assets.xcassets; sourceTree = "<group>"; };
		61F18EB11C7570BD00C34222 /* Info.plist */ = {isa = PBXFileReference; lastKnownFileType = text.plist.xml; path = Info.plist; sourceTree = "<group>"; };
		61F18EB61C7570BD00C34222 /* IntervalWatch Extension.appex */ = {isa = PBXFileReference; explicitFileType = "wrapper.app-extension"; includeInIndex = 0; path = "IntervalWatch Extension.appex"; sourceTree = BUILT_PRODUCTS_DIR; };
		61F18EBC1C7570BD00C34222 /* PushNotificationPayload.apns */ = {isa = PBXFileReference; lastKnownFileType = text; path = PushNotificationPayload.apns; sourceTree = "<group>"; };
		61F18EBD1C7570BD00C34222 /* InterfaceController.swift */ = {isa = PBXFileReference; lastKnownFileType = sourcecode.swift; path = InterfaceController.swift; sourceTree = "<group>"; };
		61F18EBF1C7570BD00C34222 /* ExtensionDelegate.swift */ = {isa = PBXFileReference; lastKnownFileType = sourcecode.swift; path = ExtensionDelegate.swift; sourceTree = "<group>"; };
		61F18EC11C7570BD00C34222 /* NotificationController.swift */ = {isa = PBXFileReference; lastKnownFileType = sourcecode.swift; path = NotificationController.swift; sourceTree = "<group>"; };
		61F18EC31C7570BD00C34222 /* GlanceController.swift */ = {isa = PBXFileReference; lastKnownFileType = sourcecode.swift; path = GlanceController.swift; sourceTree = "<group>"; };
		61F18EC51C7570BD00C34222 /* ComplicationController.swift */ = {isa = PBXFileReference; lastKnownFileType = sourcecode.swift; path = ComplicationController.swift; sourceTree = "<group>"; };
		61F18EC71C7570BD00C34222 /* Assets.xcassets */ = {isa = PBXFileReference; lastKnownFileType = folder.assetcatalog; path = Assets.xcassets; sourceTree = "<group>"; };
		61F18EC91C7570BD00C34222 /* Info.plist */ = {isa = PBXFileReference; lastKnownFileType = text.plist.xml; path = Info.plist; sourceTree = "<group>"; };
		61F18ED51C7575BE00C34222 /* WatchConstants.swift */ = {isa = PBXFileReference; fileEncoding = 4; lastKnownFileType = sourcecode.swift; path = WatchConstants.swift; sourceTree = "<group>"; };
		61F18ED81C75801600C34222 /* WatchTimerInterfaceController.swift */ = {isa = PBXFileReference; fileEncoding = 4; lastKnownFileType = sourcecode.swift; path = WatchTimerInterfaceController.swift; sourceTree = "<group>"; };
		E1B2EBDF1C6C3DAF00AD7165 /* Color.swift */ = {isa = PBXFileReference; fileEncoding = 4; lastKnownFileType = sourcecode.swift; path = Color.swift; sourceTree = "<group>"; };
/* End PBXFileReference section */

/* Begin PBXFrameworksBuildPhase section */
		6167FBA61C40B9D100A4B341 /* Frameworks */ = {
			isa = PBXFrameworksBuildPhase;
			buildActionMask = 2147483647;
			files = (
			);
			runOnlyForDeploymentPostprocessing = 0;
		};
		61F18EB31C7570BD00C34222 /* Frameworks */ = {
			isa = PBXFrameworksBuildPhase;
			buildActionMask = 2147483647;
			files = (
			);
			runOnlyForDeploymentPostprocessing = 0;
		};
/* End PBXFrameworksBuildPhase section */

/* Begin PBXGroup section */
		6167FBA01C40B9D100A4B341 = {
			isa = PBXGroup;
			children = (
				6167FBAB1C40B9D100A4B341 /* Intervals */,
				61F18EAB1C7570BD00C34222 /* IntervalWatch */,
				61F18EBA1C7570BD00C34222 /* IntervalWatch Extension */,
				6167FBAA1C40B9D100A4B341 /* Products */,
			);
			sourceTree = "<group>";
		};
		6167FBAA1C40B9D100A4B341 /* Products */ = {
			isa = PBXGroup;
			children = (
				6167FBA91C40B9D100A4B341 /* Intervals.app */,
				61F18EAA1C7570BD00C34222 /* IntervalWatch.app */,
				61F18EB61C7570BD00C34222 /* IntervalWatch Extension.appex */,
			);
			name = Products;
			sourceTree = "<group>";
		};
		6167FBAB1C40B9D100A4B341 /* Intervals */ = {
			isa = PBXGroup;
			children = (
				61A2691D1C6055AF0010ADBD /* Sounds */,
				61A269181C60514D0010ADBD /* Timer */,
				61A269111C604E980010ADBD /* Images */,
				6167FBAC1C40B9D100A4B341 /* AppDelegate.swift */,
				6167FBAE1C40B9D100A4B341 /* ViewController.swift */,
				61A2691B1C6052380010ADBD /* Constants.swift */,
				E1B2EBDF1C6C3DAF00AD7165 /* Color.swift */,
				6167FBB01C40B9D100A4B341 /* Main.storyboard */,
				6167FBB61C40B9D100A4B341 /* Assets.xcassets */,
				6167FBB81C40B9D100A4B341 /* LaunchScreen.storyboard */,
				6167FBBB1C40B9D100A4B341 /* Info.plist */,
				6167FBB31C40B9D100A4B341 /* Intervals.xcdatamodeld */,
			);
			path = Intervals;
			sourceTree = "<group>";
		};
		61A269111C604E980010ADBD /* Images */ = {
			isa = PBXGroup;
			children = (
				61A269281C6577610010ADBD /* icon76.png */,
				61A269291C6577610010ADBD /* icon120.png */,
				61A2692A1C6577610010ADBD /* icon152.png */,
				61A2692B1C6577610010ADBD /* icon180.png */,
				61A2692C1C6577610010ADBD /* icon512.png */,
				61A2692D1C6577610010ADBD /* icon1024.png */,
				61A269121C604ECE0010ADBD /* pauseButton.png */,
				61A269131C604ECE0010ADBD /* resetButton.png */,
				61A269141C604ECE0010ADBD /* startButton.png */,
			);
			name = Images;
			sourceTree = "<group>";
		};
		61A269181C60514D0010ADBD /* Timer */ = {
			isa = PBXGroup;
			children = (
				61A269191C60515F0010ADBD /* TimerLabel.swift */,
			);
			name = Timer;
			sourceTree = "<group>";
		};
		61A2691D1C6055AF0010ADBD /* Sounds */ = {
			isa = PBXGroup;
			children = (
				61A2691E1C6055C30010ADBD /* beep-07.wav */,
			);
			name = Sounds;
			sourceTree = "<group>";
		};
		61F18EAB1C7570BD00C34222 /* IntervalWatch */ = {
			isa = PBXGroup;
			children = (
				61F18EAC1C7570BD00C34222 /* Interface.storyboard */,
				61F18EAF1C7570BD00C34222 /* Assets.xcassets */,
				61F18EB11C7570BD00C34222 /* Info.plist */,
			);
			path = IntervalWatch;
			sourceTree = "<group>";
		};
		61F18EBA1C7570BD00C34222 /* IntervalWatch Extension */ = {
			isa = PBXGroup;
			children = (
				61F18EBD1C7570BD00C34222 /* InterfaceController.swift */,
				61F18ED81C75801600C34222 /* WatchTimerInterfaceController.swift */,
				61F18EBF1C7570BD00C34222 /* ExtensionDelegate.swift */,
				61F18EC11C7570BD00C34222 /* NotificationController.swift */,
				61F18EC31C7570BD00C34222 /* GlanceController.swift */,
				61F18EC51C7570BD00C34222 /* ComplicationController.swift */,
				61F18ED51C7575BE00C34222 /* WatchConstants.swift */,
				619B6E471C7621E80074100F /* WatchColors.swift */,
				61F18EC71C7570BD00C34222 /* Assets.xcassets */,
				61F18EC91C7570BD00C34222 /* Info.plist */,
				61F18EBB1C7570BD00C34222 /* Supporting Files */,
			);
			path = "IntervalWatch Extension";
			sourceTree = "<group>";
		};
		61F18EBB1C7570BD00C34222 /* Supporting Files */ = {
			isa = PBXGroup;
			children = (
				61F18EBC1C7570BD00C34222 /* PushNotificationPayload.apns */,
			);
			name = "Supporting Files";
			sourceTree = "<group>";
		};
/* End PBXGroup section */

/* Begin PBXNativeTarget section */
		6167FBA81C40B9D100A4B341 /* Intervals */ = {
			isa = PBXNativeTarget;
			buildConfigurationList = 6167FBBE1C40B9D100A4B341 /* Build configuration list for PBXNativeTarget "Intervals" */;
			buildPhases = (
				6167FBA51C40B9D100A4B341 /* Sources */,
				6167FBA61C40B9D100A4B341 /* Frameworks */,
				6167FBA71C40B9D100A4B341 /* Resources */,
				61F18ED41C7570BD00C34222 /* Embed Watch Content */,
			);
			buildRules = (
			);
			dependencies = (
				61F18ECB1C7570BD00C34222 /* PBXTargetDependency */,
			);
			name = Intervals;
			productName = Intervals;
			productReference = 6167FBA91C40B9D100A4B341 /* Intervals.app */;
			productType = "com.apple.product-type.application";
		};
		61F18EA91C7570BD00C34222 /* IntervalWatch */ = {
			isa = PBXNativeTarget;
			buildConfigurationList = 61F18ED31C7570BD00C34222 /* Build configuration list for PBXNativeTarget "IntervalWatch" */;
			buildPhases = (
				61F18EA81C7570BD00C34222 /* Resources */,
				61F18ED21C7570BD00C34222 /* Embed App Extensions */,
			);
			buildRules = (
			);
			dependencies = (
				61F18EB91C7570BD00C34222 /* PBXTargetDependency */,
			);
			name = IntervalWatch;
			productName = IntervalWatch;
			productReference = 61F18EAA1C7570BD00C34222 /* IntervalWatch.app */;
			productType = "com.apple.product-type.application.watchapp2";
		};
		61F18EB51C7570BD00C34222 /* IntervalWatch Extension */ = {
			isa = PBXNativeTarget;
			buildConfigurationList = 61F18ED11C7570BD00C34222 /* Build configuration list for PBXNativeTarget "IntervalWatch Extension" */;
			buildPhases = (
				61F18EB21C7570BD00C34222 /* Sources */,
				61F18EB31C7570BD00C34222 /* Frameworks */,
				61F18EB41C7570BD00C34222 /* Resources */,
			);
			buildRules = (
			);
			dependencies = (
			);
			name = "IntervalWatch Extension";
			productName = "IntervalWatch Extension";
			productReference = 61F18EB61C7570BD00C34222 /* IntervalWatch Extension.appex */;
			productType = "com.apple.product-type.watchkit2-extension";
		};
/* End PBXNativeTarget section */

/* Begin PBXProject section */
		6167FBA11C40B9D100A4B341 /* Project object */ = {
			isa = PBXProject;
			attributes = {
				LastSwiftUpdateCheck = 0720;
				LastUpgradeCheck = 0720;
				ORGANIZATIONNAME = europaSoftware;
				TargetAttributes = {
					6167FBA81C40B9D100A4B341 = {
						CreatedOnToolsVersion = 7.2;
						DevelopmentTeam = YMJJF4LH5P;
					};
					61F18EA91C7570BD00C34222 = {
						CreatedOnToolsVersion = 7.2;
						DevelopmentTeam = YMJJF4LH5P;
					};
					61F18EB51C7570BD00C34222 = {
						CreatedOnToolsVersion = 7.2;
						DevelopmentTeam = YMJJF4LH5P;
					};
				};
			};
			buildConfigurationList = 6167FBA41C40B9D100A4B341 /* Build configuration list for PBXProject "Intervals" */;
			compatibilityVersion = "Xcode 3.2";
			developmentRegion = English;
			hasScannedForEncodings = 0;
			knownRegions = (
				en,
				Base,
			);
			mainGroup = 6167FBA01C40B9D100A4B341;
			productRefGroup = 6167FBAA1C40B9D100A4B341 /* Products */;
			projectDirPath = "";
			projectRoot = "";
			targets = (
				6167FBA81C40B9D100A4B341 /* Intervals */,
				61F18EA91C7570BD00C34222 /* IntervalWatch */,
				61F18EB51C7570BD00C34222 /* IntervalWatch Extension */,
			);
		};
/* End PBXProject section */

/* Begin PBXResourcesBuildPhase section */
		6167FBA71C40B9D100A4B341 /* Resources */ = {
			isa = PBXResourcesBuildPhase;
			buildActionMask = 2147483647;
			files = (
				61A269151C604ECE0010ADBD /* pauseButton.png in Resources */,
				61A269161C604ECE0010ADBD /* resetButton.png in Resources */,
				61A2691F1C6055C30010ADBD /* beep-07.wav in Resources */,
				61A269311C6577610010ADBD /* icon180.png in Resources */,
				61A269301C6577610010ADBD /* icon152.png in Resources */,
				61A2692E1C6577610010ADBD /* icon76.png in Resources */,
				61A269171C604ECE0010ADBD /* startButton.png in Resources */,
				6167FBBA1C40B9D100A4B341 /* LaunchScreen.storyboard in Resources */,
				6167FBB71C40B9D100A4B341 /* Assets.xcassets in Resources */,
				61A269331C6577610010ADBD /* icon1024.png in Resources */,
				6167FBB21C40B9D100A4B341 /* Main.storyboard in Resources */,
				61A2692F1C6577610010ADBD /* icon120.png in Resources */,
				61A269321C6577610010ADBD /* icon512.png in Resources */,
			);
			runOnlyForDeploymentPostprocessing = 0;
		};
		61F18EA81C7570BD00C34222 /* Resources */ = {
			isa = PBXResourcesBuildPhase;
			buildActionMask = 2147483647;
			files = (
				61F18EB01C7570BD00C34222 /* Assets.xcassets in Resources */,
				61F18EAE1C7570BD00C34222 /* Interface.storyboard in Resources */,
			);
			runOnlyForDeploymentPostprocessing = 0;
		};
		61F18EB41C7570BD00C34222 /* Resources */ = {
			isa = PBXResourcesBuildPhase;
			buildActionMask = 2147483647;
			files = (
				61F18EC81C7570BD00C34222 /* Assets.xcassets in Resources */,
			);
			runOnlyForDeploymentPostprocessing = 0;
		};
/* End PBXResourcesBuildPhase section */

/* Begin PBXSourcesBuildPhase section */
		6167FBA51C40B9D100A4B341 /* Sources */ = {
			isa = PBXSourcesBuildPhase;
			buildActionMask = 2147483647;
			files = (
				61A2691C1C6052380010ADBD /* Constants.swift in Sources */,
				61A2691A1C60515F0010ADBD /* TimerLabel.swift in Sources */,
				6167FBAF1C40B9D100A4B341 /* ViewController.swift in Sources */,
				6167FBAD1C40B9D100A4B341 /* AppDelegate.swift in Sources */,
				6167FBB51C40B9D100A4B341 /* Intervals.xcdatamodeld in Sources */,
				E1B2EBE01C6C3DAF00AD7165 /* Color.swift in Sources */,
			);
			runOnlyForDeploymentPostprocessing = 0;
		};
		61F18EB21C7570BD00C34222 /* Sources */ = {
			isa = PBXSourcesBuildPhase;
			buildActionMask = 2147483647;
			files = (
				61F18EC21C7570BD00C34222 /* NotificationController.swift in Sources */,
				61F18EC01C7570BD00C34222 /* ExtensionDelegate.swift in Sources */,
				61F18ED91C75801600C34222 /* WatchTimerInterfaceController.swift in Sources */,
				61F18EC61C7570BD00C34222 /* ComplicationController.swift in Sources */,
				61F18ED61C7575BE00C34222 /* WatchConstants.swift in Sources */,
				619B6E481C7621E80074100F /* WatchColors.swift in Sources */,
				61F18EBE1C7570BD00C34222 /* InterfaceController.swift in Sources */,
				61F18EC41C7570BD00C34222 /* GlanceController.swift in Sources */,
			);
			runOnlyForDeploymentPostprocessing = 0;
		};
/* End PBXSourcesBuildPhase section */

/* Begin PBXTargetDependency section */
		61F18EB91C7570BD00C34222 /* PBXTargetDependency */ = {
			isa = PBXTargetDependency;
			target = 61F18EB51C7570BD00C34222 /* IntervalWatch Extension */;
			targetProxy = 61F18EB81C7570BD00C34222 /* PBXContainerItemProxy */;
		};
		61F18ECB1C7570BD00C34222 /* PBXTargetDependency */ = {
			isa = PBXTargetDependency;
			target = 61F18EA91C7570BD00C34222 /* IntervalWatch */;
			targetProxy = 61F18ECA1C7570BD00C34222 /* PBXContainerItemProxy */;
		};
/* End PBXTargetDependency section */

/* Begin PBXVariantGroup section */
		6167FBB01C40B9D100A4B341 /* Main.storyboard */ = {
			isa = PBXVariantGroup;
			children = (
				6167FBB11C40B9D100A4B341 /* Base */,
			);
			name = Main.storyboard;
			sourceTree = "<group>";
		};
		6167FBB81C40B9D100A4B341 /* LaunchScreen.storyboard */ = {
			isa = PBXVariantGroup;
			children = (
				6167FBB91C40B9D100A4B341 /* Base */,
			);
			name = LaunchScreen.storyboard;
			sourceTree = "<group>";
		};
		61F18EAC1C7570BD00C34222 /* Interface.storyboard */ = {
			isa = PBXVariantGroup;
			children = (
				61F18EAD1C7570BD00C34222 /* Base */,
			);
			name = Interface.storyboard;
			sourceTree = "<group>";
		};
/* End PBXVariantGroup section */

/* Begin XCBuildConfiguration section */
		6167FBBC1C40B9D100A4B341 /* Debug */ = {
			isa = XCBuildConfiguration;
			buildSettings = {
				ALWAYS_SEARCH_USER_PATHS = NO;
				CLANG_CXX_LANGUAGE_STANDARD = "gnu++0x";
				CLANG_CXX_LIBRARY = "libc++";
				CLANG_ENABLE_MODULES = YES;
				CLANG_ENABLE_OBJC_ARC = YES;
				CLANG_WARN_BOOL_CONVERSION = YES;
				CLANG_WARN_CONSTANT_CONVERSION = YES;
				CLANG_WARN_DIRECT_OBJC_ISA_USAGE = YES_ERROR;
				CLANG_WARN_EMPTY_BODY = YES;
				CLANG_WARN_ENUM_CONVERSION = YES;
				CLANG_WARN_INT_CONVERSION = YES;
				CLANG_WARN_OBJC_ROOT_CLASS = YES_ERROR;
				CLANG_WARN_UNREACHABLE_CODE = YES;
				CLANG_WARN__DUPLICATE_METHOD_MATCH = YES;
				"CODE_SIGN_IDENTITY[sdk=iphoneos*]" = "iPhone Developer";
				COPY_PHASE_STRIP = NO;
				DEBUG_INFORMATION_FORMAT = dwarf;
				ENABLE_STRICT_OBJC_MSGSEND = YES;
				ENABLE_TESTABILITY = YES;
				GCC_C_LANGUAGE_STANDARD = gnu99;
				GCC_DYNAMIC_NO_PIC = NO;
				GCC_NO_COMMON_BLOCKS = YES;
				GCC_OPTIMIZATION_LEVEL = 0;
				GCC_PREPROCESSOR_DEFINITIONS = (
					"DEBUG=1",
					"$(inherited)",
				);
				GCC_WARN_64_TO_32_BIT_CONVERSION = YES;
				GCC_WARN_ABOUT_RETURN_TYPE = YES_ERROR;
				GCC_WARN_UNDECLARED_SELECTOR = YES;
				GCC_WARN_UNINITIALIZED_AUTOS = YES_AGGRESSIVE;
				GCC_WARN_UNUSED_FUNCTION = YES;
				GCC_WARN_UNUSED_VARIABLE = YES;
				IPHONEOS_DEPLOYMENT_TARGET = 9.2;
				MTL_ENABLE_DEBUG_INFO = YES;
				ONLY_ACTIVE_ARCH = YES;
				SDKROOT = iphoneos;
				SWIFT_OPTIMIZATION_LEVEL = "-Onone";
				TARGETED_DEVICE_FAMILY = "1,2";
			};
			name = Debug;
		};
		6167FBBD1C40B9D100A4B341 /* Release */ = {
			isa = XCBuildConfiguration;
			buildSettings = {
				ALWAYS_SEARCH_USER_PATHS = NO;
				CLANG_CXX_LANGUAGE_STANDARD = "gnu++0x";
				CLANG_CXX_LIBRARY = "libc++";
				CLANG_ENABLE_MODULES = YES;
				CLANG_ENABLE_OBJC_ARC = YES;
				CLANG_WARN_BOOL_CONVERSION = YES;
				CLANG_WARN_CONSTANT_CONVERSION = YES;
				CLANG_WARN_DIRECT_OBJC_ISA_USAGE = YES_ERROR;
				CLANG_WARN_EMPTY_BODY = YES;
				CLANG_WARN_ENUM_CONVERSION = YES;
				CLANG_WARN_INT_CONVERSION = YES;
				CLANG_WARN_OBJC_ROOT_CLASS = YES_ERROR;
				CLANG_WARN_UNREACHABLE_CODE = YES;
				CLANG_WARN__DUPLICATE_METHOD_MATCH = YES;
				"CODE_SIGN_IDENTITY[sdk=iphoneos*]" = "iPhone Developer";
				COPY_PHASE_STRIP = NO;
				DEBUG_INFORMATION_FORMAT = "dwarf-with-dsym";
				ENABLE_NS_ASSERTIONS = NO;
				ENABLE_STRICT_OBJC_MSGSEND = YES;
				GCC_C_LANGUAGE_STANDARD = gnu99;
				GCC_NO_COMMON_BLOCKS = YES;
				GCC_WARN_64_TO_32_BIT_CONVERSION = YES;
				GCC_WARN_ABOUT_RETURN_TYPE = YES_ERROR;
				GCC_WARN_UNDECLARED_SELECTOR = YES;
				GCC_WARN_UNINITIALIZED_AUTOS = YES_AGGRESSIVE;
				GCC_WARN_UNUSED_FUNCTION = YES;
				GCC_WARN_UNUSED_VARIABLE = YES;
				IPHONEOS_DEPLOYMENT_TARGET = 9.2;
				MTL_ENABLE_DEBUG_INFO = NO;
				SDKROOT = iphoneos;
				TARGETED_DEVICE_FAMILY = "1,2";
				VALIDATE_PRODUCT = YES;
			};
			name = Release;
		};
		6167FBBF1C40B9D100A4B341 /* Debug */ = {
			isa = XCBuildConfiguration;
			buildSettings = {
				ASSETCATALOG_COMPILER_APPICON_NAME = AppIcon;
				CODE_SIGN_IDENTITY = "iPhone Developer";
				INFOPLIST_FILE = Intervals/Info.plist;
				LD_RUNPATH_SEARCH_PATHS = "$(inherited) @executable_path/Frameworks";
				PRODUCT_BUNDLE_IDENTIFIER = com.europaSoftware.Intervals;
				PRODUCT_NAME = "$(TARGET_NAME)";
			};
			name = Debug;
		};
		6167FBC01C40B9D100A4B341 /* Release */ = {
			isa = XCBuildConfiguration;
			buildSettings = {
				ASSETCATALOG_COMPILER_APPICON_NAME = AppIcon;
				CODE_SIGN_IDENTITY = "iPhone Developer";
				INFOPLIST_FILE = Intervals/Info.plist;
				LD_RUNPATH_SEARCH_PATHS = "$(inherited) @executable_path/Frameworks";
				PRODUCT_BUNDLE_IDENTIFIER = com.europaSoftware.Intervals;
				PRODUCT_NAME = "$(TARGET_NAME)";
			};
			name = Release;
		};
		61F18ECD1C7570BD00C34222 /* Debug */ = {
			isa = XCBuildConfiguration;
			buildSettings = {
				ASSETCATALOG_COMPILER_APPICON_NAME = AppIcon;
				CODE_SIGN_IDENTITY = "iPhone Developer";
				EMBEDDED_CONTENT_CONTAINS_SWIFT = YES;
				IBSC_MODULE = IntervalWatch_Extension;
				INFOPLIST_FILE = IntervalWatch/Info.plist;
				PRODUCT_BUNDLE_IDENTIFIER = com.europaSoftware.Intervals.watchkitapp;
				PRODUCT_NAME = "$(TARGET_NAME)";
				SDKROOT = watchos;
				SKIP_INSTALL = YES;
				TARGETED_DEVICE_FAMILY = 4;
				WATCHOS_DEPLOYMENT_TARGET = 2.1;
			};
			name = Debug;
		};
		61F18ECE1C7570BD00C34222 /* Release */ = {
			isa = XCBuildConfiguration;
			buildSettings = {
				ASSETCATALOG_COMPILER_APPICON_NAME = AppIcon;
				CODE_SIGN_IDENTITY = "iPhone Developer";
				EMBEDDED_CONTENT_CONTAINS_SWIFT = YES;
				IBSC_MODULE = IntervalWatch_Extension;
				INFOPLIST_FILE = IntervalWatch/Info.plist;
				PRODUCT_BUNDLE_IDENTIFIER = com.europaSoftware.Intervals.watchkitapp;
				PRODUCT_NAME = "$(TARGET_NAME)";
				SDKROOT = watchos;
				SKIP_INSTALL = YES;
				TARGETED_DEVICE_FAMILY = 4;
				WATCHOS_DEPLOYMENT_TARGET = 2.1;
			};
			name = Release;
		};
		61F18ECF1C7570BD00C34222 /* Debug */ = {
			isa = XCBuildConfiguration;
			buildSettings = {
				ASSETCATALOG_COMPILER_COMPLICATION_NAME = Complication;
				CODE_SIGN_IDENTITY = "iPhone Developer";
				INFOPLIST_FILE = "IntervalWatch Extension/Info.plist";
				LD_RUNPATH_SEARCH_PATHS = "$(inherited) @executable_path/Frameworks @executable_path/../../Frameworks";
				PRODUCT_BUNDLE_IDENTIFIER = com.europaSoftware.Intervals.watchkitapp.watchkitextension;
				PRODUCT_NAME = "${TARGET_NAME}";
				SDKROOT = watchos;
				SKIP_INSTALL = YES;
				TARGETED_DEVICE_FAMILY = 4;
				WATCHOS_DEPLOYMENT_TARGET = 2.1;
			};
			name = Debug;
		};
		61F18ED01C7570BD00C34222 /* Release */ = {
			isa = XCBuildConfiguration;
			buildSettings = {
				ASSETCATALOG_COMPILER_COMPLICATION_NAME = Complication;
				CODE_SIGN_IDENTITY = "iPhone Developer";
				INFOPLIST_FILE = "IntervalWatch Extension/Info.plist";
				LD_RUNPATH_SEARCH_PATHS = "$(inherited) @executable_path/Frameworks @executable_path/../../Frameworks";
				PRODUCT_BUNDLE_IDENTIFIER = com.europaSoftware.Intervals.watchkitapp.watchkitextension;
				PRODUCT_NAME = "${TARGET_NAME}";
				SDKROOT = watchos;
				SKIP_INSTALL = YES;
				TARGETED_DEVICE_FAMILY = 4;
				WATCHOS_DEPLOYMENT_TARGET = 2.1;
			};
			name = Release;
		};
/* End XCBuildConfiguration section */

/* Begin XCConfigurationList section */
		6167FBA41C40B9D100A4B341 /* Build configuration list for PBXProject "Intervals" */ = {
			isa = XCConfigurationList;
			buildConfigurations = (
				6167FBBC1C40B9D100A4B341 /* Debug */,
				6167FBBD1C40B9D100A4B341 /* Release */,
			);
			defaultConfigurationIsVisible = 0;
			defaultConfigurationName = Release;
		};
		6167FBBE1C40B9D100A4B341 /* Build configuration list for PBXNativeTarget "Intervals" */ = {
			isa = XCConfigurationList;
			buildConfigurations = (
				6167FBBF1C40B9D100A4B341 /* Debug */,
				6167FBC01C40B9D100A4B341 /* Release */,
			);
			defaultConfigurationIsVisible = 0;
			defaultConfigurationName = Release;
		};
		61F18ED11C7570BD00C34222 /* Build configuration list for PBXNativeTarget "IntervalWatch Extension" */ = {
			isa = XCConfigurationList;
			buildConfigurations = (
				61F18ECF1C7570BD00C34222 /* Debug */,
				61F18ED01C7570BD00C34222 /* Release */,
			);
			defaultConfigurationIsVisible = 0;
			defaultConfigurationName = Release;
		};
		61F18ED31C7570BD00C34222 /* Build configuration list for PBXNativeTarget "IntervalWatch" */ = {
			isa = XCConfigurationList;
			buildConfigurations = (
				61F18ECD1C7570BD00C34222 /* Debug */,
				61F18ECE1C7570BD00C34222 /* Release */,
			);
			defaultConfigurationIsVisible = 0;
			defaultConfigurationName = Release;
		};
/* End XCConfigurationList section */

/* Begin XCVersionGroup section */
		6167FBB31C40B9D100A4B341 /* Intervals.xcdatamodeld */ = {
			isa = XCVersionGroup;
			children = (
				6167FBB41C40B9D100A4B341 /* Intervals.xcdatamodel */,
			);
			currentVersion = 6167FBB41C40B9D100A4B341 /* Intervals.xcdatamodel */;
			path = Intervals.xcdatamodeld;
			sourceTree = "<group>";
			versionGroupType = wrapper.xcdatamodel;
		};
/* End XCVersionGroup section */
	};
	rootObject = 6167FBA11C40B9D100A4B341 /* Project object */;
}
